
Microsoft Visual Studio Solution File, Format Version 12.00
# Visual Studio 15
Project("{FAE04EC0-301F-11D3-BF4B-00C04F79EFBC}") = "Assembly-CSharp", "Assembly-CSharp.csproj", "{05A6A5A7-AC4E-D5FD-7977-8CFA861ECE13}"
EndProject
Project("{FAE04EC0-301F-11D3-BF4B-00C04F79EFBC}") = "Ink-Libraries", "Ink-Libraries.csproj", "{F2E6082E-36BF-DA6C-FC83-DA689399EB2D}"
EndProject
Project("{FAE04EC0-301F-11D3-BF4B-00C04F79EFBC}") = "InkEditor", "InkEditor.csproj", "{A15EFCBC-3AAF-3D78-7243-329195342357}"
EndProject
Project("{FAE04EC0-301F-11D3-BF4B-00C04F79EFBC}") = "Assembly-CSharp-Editor", "Assembly-CSharp-Editor.csproj", "{70D8F3FD-AD63-AE87-05C5-84617EE3DA34}"
EndProject
Global
	GlobalSection(SolutionConfigurationPlatforms) = preSolution
		Debug|Any CPU = Debug|Any CPU
		Release|Any CPU = Release|Any CPU
	EndGlobalSection
	GlobalSection(ProjectConfigurationPlatforms) = postSolution
		{05A6A5A7-AC4E-D5FD-7977-8CFA861ECE13}.Debug|Any CPU.ActiveCfg = Debug|Any CPU
		{05A6A5A7-AC4E-D5FD-7977-8CFA861ECE13}.Debug|Any CPU.Build.0 = Debug|Any CPU
		{05A6A5A7-AC4E-D5FD-7977-8CFA861ECE13}.Release|Any CPU.ActiveCfg = Release|Any CPU
		{05A6A5A7-AC4E-D5FD-7977-8CFA861ECE13}.Release|Any CPU.Build.0 = Release|Any CPU
		{F2E6082E-36BF-DA6C-FC83-DA689399EB2D}.Debug|Any CPU.ActiveCfg = Debug|Any CPU
		{F2E6082E-36BF-DA6C-FC83-DA689399EB2D}.Debug|Any CPU.Build.0 = Debug|Any CPU
		{F2E6082E-36BF-DA6C-FC83-DA689399EB2D}.Release|Any CPU.ActiveCfg = Release|Any CPU
		{F2E6082E-36BF-DA6C-FC83-DA689399EB2D}.Release|Any CPU.Build.0 = Release|Any CPU
		{A15EFCBC-3AAF-3D78-7243-329195342357}.Debug|Any CPU.ActiveCfg = Debug|Any CPU
		{A15EFCBC-3AAF-3D78-7243-329195342357}.Debug|Any CPU.Build.0 = Debug|Any CPU
		{A15EFCBC-3AAF-3D78-7243-329195342357}.Release|Any CPU.ActiveCfg = Release|Any CPU
		{A15EFCBC-3AAF-3D78-7243-329195342357}.Release|Any CPU.Build.0 = Release|Any CPU
		{70D8F3FD-AD63-AE87-05C5-84617EE3DA34}.Debug|Any CPU.ActiveCfg = Debug|Any CPU
		{70D8F3FD-AD63-AE87-05C5-84617EE3DA34}.Debug|Any CPU.Build.0 = Debug|Any CPU
		{70D8F3FD-AD63-AE87-05C5-84617EE3DA34}.Release|Any CPU.ActiveCfg = Release|Any CPU
		{70D8F3FD-AD63-AE87-05C5-84617EE3DA34}.Release|Any CPU.Build.0 = Release|Any CPU
	EndGlobalSection
	GlobalSection(SolutionProperties) = preSolution
		HideSolutionNode = FALSE
	EndGlobalSection
EndGlobal
